
Microsoft Visual Studio Solution File, Format Version 12.00
# Visual Studio Version 17
VisualStudioVersion = 17.13.35919.96
MinimumVisualStudioVersion = 10.0.40219.1
Project("{2150E333-8FDC-42A3-9474-1A3956D46DE8}") = "Application", "Application", "{02EA681E-C7D8-13C7-8484-4AC65E1B71E8}"
EndProject
Project("{2150E333-8FDC-42A3-9474-1A3956D46DE8}") = "Domain", "Domain", "{66CC7830-0F5B-47F4-A25A-CC9E9371CDFB}"
EndProject
Project("{2150E333-8FDC-42A3-9474-1A3956D46DE8}") = "Infrastructure", "Infrastructure", "{78628317-9288-40A4-80BD-D004DB954674}"
EndProject
Project("{2150E333-8FDC-42A3-9474-1A3956D46DE8}") = "Presentation", "Presentation", "{DEC43FBC-AC5B-4089-A9EA-95C6DC6801A2}"
EndProject
Project("{FAE04EC0-301F-11D3-BF4B-00C04F79EFBC}") = "Fsm.Application", "Fsm.Application\Fsm.Application.csproj", "{96D4930D-B416-4BAA-A465-3F97567FE4D0}"
EndProject
Project("{FAE04EC0-301F-11D3-BF4B-00C04F79EFBC}") = "Fsm.Domain", "Fsm.Domain\Fsm.Domain.csproj", "{992E4AF4-AB97-4834-86FB-6BEF74F9F680}"
EndProject
Project("{FAE04EC0-301F-11D3-BF4B-00C04F79EFBC}") = "Fsm.Adapters.Notification", "Fsm.Adapters.Notification\Fsm.Adapters.Notification.csproj", "{D0C855E3-5D3E-4339-9522-F0B1F7ECFE0F}"
EndProject
Project("{FAE04EC0-301F-11D3-BF4B-00C04F79EFBC}") = "Fsm.Adapters.Persistence", "Fsm.Adapters.Persistence\Fsm.Adapters.Persistence.csproj", "{44720B1D-28BD-4BBC-8818-293C082DB01E}"
EndProject
Project("{FAE04EC0-301F-11D3-BF4B-00C04F79EFBC}") = "Fsm.WebApp", "Fsm.WebApp\Fsm.WebApp.csproj", "{6DE2C608-7B5E-4755-A7A8-FB3B54F05932}"
EndProject
Project("{2150E333-8FDC-42A3-9474-1A3956D46DE8}") = "src", "src", "{CB925715-4E98-4949-B445-CBAEB122FAE7}"
EndProject
Global
	GlobalSection(SolutionConfigurationPlatforms) = preSolution
		Debug|Any CPU = Debug|Any CPU
		Release|Any CPU = Release|Any CPU
	EndGlobalSection
	GlobalSection(ProjectConfigurationPlatforms) = postSolution
		{96D4930D-B416-4BAA-A465-3F97567FE4D0}.Debug|Any CPU.ActiveCfg = Debug|Any CPU
		{96D4930D-B416-4BAA-A465-3F97567FE4D0}.Debug|Any CPU.Build.0 = Debug|Any CPU
		{96D4930D-B416-4BAA-A465-3F97567FE4D0}.Release|Any CPU.ActiveCfg = Release|Any CPU
		{96D4930D-B416-4BAA-A465-3F97567FE4D0}.Release|Any CPU.Build.0 = Release|Any CPU
		{992E4AF4-AB97-4834-86FB-6BEF74F9F680}.Debug|Any CPU.ActiveCfg = Debug|Any CPU
		{992E4AF4-AB97-4834-86FB-6BEF74F9F680}.Debug|Any CPU.Build.0 = Debug|Any CPU
		{992E4AF4-AB97-4834-86FB-6BEF74F9F680}.Release|Any CPU.ActiveCfg = Release|Any CPU
		{992E4AF4-AB97-4834-86FB-6BEF74F9F680}.Release|Any CPU.Build.0 = Release|Any CPU
		{D0C855E3-5D3E-4339-9522-F0B1F7ECFE0F}.Debug|Any CPU.ActiveCfg = Debug|Any CPU
		{D0C855E3-5D3E-4339-9522-F0B1F7ECFE0F}.Debug|Any CPU.Build.0 = Debug|Any CPU
		{D0C855E3-5D3E-4339-9522-F0B1F7ECFE0F}.Release|Any CPU.ActiveCfg = Release|Any CPU
		{D0C855E3-5D3E-4339-9522-F0B1F7ECFE0F}.Release|Any CPU.Build.0 = Release|Any CPU
		{44720B1D-28BD-4BBC-8818-293C082DB01E}.Debug|Any CPU.ActiveCfg = Debug|Any CPU
		{44720B1D-28BD-4BBC-8818-293C082DB01E}.Debug|Any CPU.Build.0 = Debug|Any CPU
		{44720B1D-28BD-4BBC-8818-293C082DB01E}.Release|Any CPU.ActiveCfg = Release|Any CPU
		{44720B1D-28BD-4BBC-8818-293C082DB01E}.Release|Any CPU.Build.0 = Release|Any CPU
		{6DE2C608-7B5E-4755-A7A8-FB3B54F05932}.Debug|Any CPU.ActiveCfg = Debug|Any CPU
		{6DE2C608-7B5E-4755-A7A8-FB3B54F05932}.Debug|Any CPU.Build.0 = Debug|Any CPU
		{6DE2C608-7B5E-4755-A7A8-FB3B54F05932}.Release|Any CPU.ActiveCfg = Release|Any CPU
		{6DE2C608-7B5E-4755-A7A8-FB3B54F05932}.Release|Any CPU.Build.0 = Release|Any CPU
	EndGlobalSection
	GlobalSection(SolutionProperties) = preSolution
		HideSolutionNode = FALSE
	EndGlobalSection
	GlobalSection(NestedProjects) = preSolution
		{02EA681E-C7D8-13C7-8484-4AC65E1B71E8} = {CB925715-4E98-4949-B445-CBAEB122FAE7}
		{66CC7830-0F5B-47F4-A25A-CC9E9371CDFB} = {CB925715-4E98-4949-B445-CBAEB122FAE7}
		{78628317-9288-40A4-80BD-D004DB954674} = {CB925715-4E98-4949-B445-CBAEB122FAE7}
		{DEC43FBC-AC5B-4089-A9EA-95C6DC6801A2} = {CB925715-4E98-4949-B445-CBAEB122FAE7}
		{96D4930D-B416-4BAA-A465-3F97567FE4D0} = {02EA681E-C7D8-13C7-8484-4AC65E1B71E8}
		{992E4AF4-AB97-4834-86FB-6BEF74F9F680} = {66CC7830-0F5B-47F4-A25A-CC9E9371CDFB}
		{D0C855E3-5D3E-4339-9522-F0B1F7ECFE0F} = {78628317-9288-40A4-80BD-D004DB954674}
		{44720B1D-28BD-4BBC-8818-293C082DB01E} = {78628317-9288-40A4-80BD-D004DB954674}
		{6DE2C608-7B5E-4755-A7A8-FB3B54F05932} = {DEC43FBC-AC5B-4089-A9EA-95C6DC6801A2}
	EndGlobalSection
	GlobalSection(ExtensibilityGlobals) = postSolution
		SolutionGuid = {1E1A74BB-2287-467F-9CDC-2FA73A983314}
	EndGlobalSection
EndGlobal
